
Microsoft Visual Studio Solution File, Format Version 12.00
# Visual Studio 2012
Project("{FAE04EC0-301F-11D3-BF4B-00C04F79EFBC}") = "wem", "wem\wem.csproj", "{537E3A24-0CBA-4A2A-B19E-BD76DF3B0335}"
EndProject
Global
	GlobalSection(SolutionConfigurationPlatforms) = preSolution
		Debug|x86 = Debug|x86
		Release|x86 = Release|x86
	EndGlobalSection
	GlobalSection(ProjectConfigurationPlatforms) = postSolution
		{537E3A24-0CBA-4A2A-B19E-BD76DF3B0335}.Debug|x86.ActiveCfg = Debug|x86
		{537E3A24-0CBA-4A2A-B19E-BD76DF3B0335}.Debug|x86.Build.0 = Debug|x86
		{537E3A24-0CBA-4A2A-B19E-BD76DF3B0335}.Release|x86.ActiveCfg = Release|x86
		{537E3A24-0CBA-4A2A-B19E-BD76DF3B0335}.Release|x86.Build.0 = Release|x86
	EndGlobalSection
EndGlobal
